
Microsoft Visual Studio Solution File, Format Version 12.00
# Visual Studio Version 16
VisualStudioVersion = 16.0.30320.27
MinimumVisualStudioVersion = 10.0.40219.1
Project("{9A19103F-16F7-4668-BE54-9A1E7A4F7556}") = "BlazorMovies.Server", "Server\BlazorMovies.Server.csproj", "{70726E97-1B6C-4600-A2F2-8FD3FCFE3A2D}"
EndProject
Project("{9A19103F-16F7-4668-BE54-9A1E7A4F7556}") = "BlazorMovies.Client", "Client\BlazorMovies.Client.csproj", "{07BB44D5-5176-45C3-92EB-87A7ED4345DF}"
EndProject
Project("{9A19103F-16F7-4668-BE54-9A1E7A4F7556}") = "BlazorMovies.Shared", "Shared\BlazorMovies.Shared.csproj", "{C0BE4FEF-AB99-442F-A0CD-BB8D89597AEC}"
EndProject
Global
	GlobalSection(SolutionConfigurationPlatforms) = preSolution
		Debug|Any CPU = Debug|Any CPU
		Release|Any CPU = Release|Any CPU
	EndGlobalSection
	GlobalSection(ProjectConfigurationPlatforms) = postSolution
		{70726E97-1B6C-4600-A2F2-8FD3FCFE3A2D}.Debug|Any CPU.ActiveCfg = Debug|Any CPU
		{70726E97-1B6C-4600-A2F2-8FD3FCFE3A2D}.Debug|Any CPU.Build.0 = Debug|Any CPU
		{70726E97-1B6C-4600-A2F2-8FD3FCFE3A2D}.Release|Any CPU.ActiveCfg = Release|Any CPU
		{70726E97-1B6C-4600-A2F2-8FD3FCFE3A2D}.Release|Any CPU.Build.0 = Release|Any CPU
		{07BB44D5-5176-45C3-92EB-87A7ED4345DF}.Debug|Any CPU.ActiveCfg = Debug|Any CPU
		{07BB44D5-5176-45C3-92EB-87A7ED4345DF}.Debug|Any CPU.Build.0 = Debug|Any CPU
		{07BB44D5-5176-45C3-92EB-87A7ED4345DF}.Release|Any CPU.ActiveCfg = Release|Any CPU
		{07BB44D5-5176-45C3-92EB-87A7ED4345DF}.Release|Any CPU.Build.0 = Release|Any CPU
		{C0BE4FEF-AB99-442F-A0CD-BB8D89597AEC}.Debug|Any CPU.ActiveCfg = Debug|Any CPU
		{C0BE4FEF-AB99-442F-A0CD-BB8D89597AEC}.Debug|Any CPU.Build.0 = Debug|Any CPU
		{C0BE4FEF-AB99-442F-A0CD-BB8D89597AEC}.Release|Any CPU.ActiveCfg = Release|Any CPU
		{C0BE4FEF-AB99-442F-A0CD-BB8D89597AEC}.Release|Any CPU.Build.0 = Release|Any CPU
	EndGlobalSection
	GlobalSection(SolutionProperties) = preSolution
		HideSolutionNode = FALSE
	EndGlobalSection
	GlobalSection(ExtensibilityGlobals) = postSolution
		SolutionGuid = {D3E077D7-5521-4A19-AC74-F002D743A5B2}
	EndGlobalSection
EndGlobal
